PODS:
  - M80AttributedLabel (1.9.3)

DEPENDENCIES:
  - M80AttributedLabel (from `../`)

EXTERNAL SOURCES:
  M80AttributedLabel:
    :path: "../"

SPEC CHECKSUMS:
  M80AttributedLabel: 362643e3ed8d4c53d779eb8fe74f0ee70432c948

PODFILE CHECKSUM: c204fac8364187b2bd67bb03850fcbcaad8bfd33

COCOAPODS: 1.7.0.beta.2
