PODS:
  - M80AttributedLabel (1.8.1)

DEPENDENCIES:
  - M80AttributedLabel (from `../`)

EXTERNAL SOURCES:
  M80AttributedLabel:
    :path: "../"

SPEC CHECKSUMS:
  M80AttributedLabel: 5fc22e2a4a9ed7625d69ad5520804c4e26926485

PODFILE CHECKSUM: c204fac8364187b2bd67bb03850fcbcaad8bfd33

COCOAPODS: 1.5.3
