// !$*UTF8*$!
{
	archiveVersion = 1;
	classes = {
	};
	objectVersion = 46;
	objects = {

/* Begin PBXBuildFile section */
		86B93C4017D1D6480005D98A /* UIKit.framework in Frameworks */ = {isa = PBXBuildFile; fileRef = 86B93C3F17D1D6480005D98A /* UIKit.framework */; };
		86B93C4217D1D6480005D98A /* Foundation.framework in Frameworks */ = {isa = PBXBuildFile; fileRef = 86B93C4117D1D6480005D98A /* Foundation.framework */; };
		86B93C4417D1D6480005D98A /* CoreGraphics.framework in Frameworks */ = {isa = PBXBuildFile; fileRef = 86B93C4317D1D6480005D98A /* CoreGraphics.framework */; };
		86B93C4A17D1D6480005D98A /* InfoPlist.strings in Resources */ = {isa = PBXBuildFile; fileRef = 86B93C4817D1D6480005D98A /* InfoPlist.strings */; };
		86B93C4C17D1D6480005D98A /* main.m in Sources */ = {isa = PBXBuildFile; fileRef = 86B93C4B17D1D6480005D98A /* main.m */; };
		86B93C5017D1D6480005D98A /* AppDelegate.m in Sources */ = {isa = PBXBuildFile; fileRef = 86B93C4F17D1D6480005D98A /* AppDelegate.m */; };
		86B93C5217D1D6480005D98A /* Default.png in Resources */ = {isa = PBXBuildFile; fileRef = 86B93C5117D1D6480005D98A /* Default.png */; };
		86B93C5417D1D6480005D98A /* Default@2x.png in Resources */ = {isa = PBXBuildFile; fileRef = 86B93C5317D1D6480005D98A /* Default@2x.png */; };
		86B93C5617D1D6480005D98A /* Default-568h@2x.png in Resources */ = {isa = PBXBuildFile; fileRef = 86B93C5517D1D6480005D98A /* Default-568h@2x.png */; };
		86B93C6617D1D9470005D98A /* NSMutableAttributedString+M80.m in Sources */ = {isa = PBXBuildFile; fileRef = 86B93C6517D1D9470005D98A /* NSMutableAttributedString+M80.m */; };
		86B93C6C17D1DAB20005D98A /* M80AttributedLabelURL.m in Sources */ = {isa = PBXBuildFile; fileRef = 86B93C6B17D1DAB20005D98A /* M80AttributedLabelURL.m */; };
		86B93C6F17D1DAC50005D98A /* M80AttributedLabelAttachment.m in Sources */ = {isa = PBXBuildFile; fileRef = 86B93C6E17D1DAC50005D98A /* M80AttributedLabelAttachment.m */; };
		86B9A52E17D2E19B00256F4D /* CoreText.framework in Frameworks */ = {isa = PBXBuildFile; fileRef = 86B9A52D17D2E19B00256F4D /* CoreText.framework */; };
		86B9A53117D2ECF700256F4D /* M80AttributedLabel.m in Sources */ = {isa = PBXBuildFile; fileRef = 86B9A53017D2ECF700256F4D /* M80AttributedLabel.m */; };
		86B9A54217D32C5D00256F4D /* haha.png in Resources */ = {isa = PBXBuildFile; fileRef = 86B9A54117D32C5D00256F4D /* haha.png */; };
		E47856F419C9333200B34B57 /* AutoLayoutTableViewCell.m in Sources */ = {isa = PBXBuildFile; fileRef = E47856F219C9333200B34B57 /* AutoLayoutTableViewCell.m */; };
		E47856F519C9333200B34B57 /* AutoLayoutTableViewCell.xib in Resources */ = {isa = PBXBuildFile; fileRef = E47856F319C9333200B34B57 /* AutoLayoutTableViewCell.xib */; };
		E47FBA26192C6FF7004CE6F6 /* LongTextViewController.m in Sources */ = {isa = PBXBuildFile; fileRef = E47FBA25192C6FF7004CE6F6 /* LongTextViewController.m */; };
		E47FBA28192C73B1004CE6F6 /* test.txt in Resources */ = {isa = PBXBuildFile; fileRef = E47FBA27192C73B1004CE6F6 /* test.txt */; };
		E47FBA2B192C7653004CE6F6 /* AttachmentViewController.m in Sources */ = {isa = PBXBuildFile; fileRef = E47FBA2A192C7653004CE6F6 /* AttachmentViewController.m */; };
		E47FBA2E192C779E004CE6F6 /* play@2x.png in Resources */ = {isa = PBXBuildFile; fileRef = E47FBA2C192C779E004CE6F6 /* play@2x.png */; };
		E47FBA32192C7AE0004CE6F6 /* LineBreakModeViewController.m in Sources */ = {isa = PBXBuildFile; fileRef = E47FBA31192C7AE0004CE6F6 /* LineBreakModeViewController.m */; };
		E47FBA41192CA5EA004CE6F6 /* TextAlignmentViewController.m in Sources */ = {isa = PBXBuildFile; fileRef = E47FBA40192CA5EA004CE6F6 /* TextAlignmentViewController.m */; };
		E4841332192C529C00E20149 /* BaseLabelViewController.m in Sources */ = {isa = PBXBuildFile; fileRef = E4841326192C529C00E20149 /* BaseLabelViewController.m */; };
		E4841333192C529C00E20149 /* BasicAttributedLabelViewController.m in Sources */ = {isa = PBXBuildFile; fileRef = E4841328192C529C00E20149 /* BasicAttributedLabelViewController.m */; };
		E4841334192C529C00E20149 /* CustomTextViewController.m in Sources */ = {isa = PBXBuildFile; fileRef = E484132A192C529C00E20149 /* CustomTextViewController.m */; };
		E4841335192C529C00E20149 /* DemoTableViewController.m in Sources */ = {isa = PBXBuildFile; fileRef = E484132C192C529C00E20149 /* DemoTableViewController.m */; };
		E4841336192C529C00E20149 /* DemoTableViewController.xib in Resources */ = {isa = PBXBuildFile; fileRef = E484132D192C529C00E20149 /* DemoTableViewController.xib */; };
		E4841337192C529C00E20149 /* ImagesViewController.m in Sources */ = {isa = PBXBuildFile; fileRef = E484132F192C529C00E20149 /* ImagesViewController.m */; };
		E4841338192C529C00E20149 /* LinksViewController.m in Sources */ = {isa = PBXBuildFile; fileRef = E4841331192C529C00E20149 /* LinksViewController.m */; };
		E4C9343A194AC9C600A82403 /* avatar.png in Resources */ = {isa = PBXBuildFile; fileRef = E4C93439194AC9C600A82403 /* avatar.png */; };
		E4DA7210196E89A3006F4D1C /* TextTableViewController.m in Sources */ = {isa = PBXBuildFile; fileRef = E4DA720F196E89A3006F4D1C /* TextTableViewController.m */; };
/* End PBXBuildFile section */

/* Begin PBXFileReference section */
		86B93C3C17D1D6480005D98A /* M80AttributedLabel.app */ = {isa = PBXFileReference; explicitFileType = wrapper.application; includeInIndex = 0; path = M80AttributedLabel.app; sourceTree = BUILT_PRODUCTS_DIR; };
		86B93C3F17D1D6480005D98A /* UIKit.framework */ = {isa = PBXFileReference; lastKnownFileType = wrapper.framework; name = UIKit.framework; path = System/Library/Frameworks/UIKit.framework; sourceTree = SDKROOT; };
		86B93C4117D1D6480005D98A /* Foundation.framework */ = {isa = PBXFileReference; lastKnownFileType = wrapper.framework; name = Foundation.framework; path = System/Library/Frameworks/Foundation.framework; sourceTree = SDKROOT; };
		86B93C4317D1D6480005D98A /* CoreGraphics.framework */ = {isa = PBXFileReference; lastKnownFileType = wrapper.framework; name = CoreGraphics.framework; path = System/Library/Frameworks/CoreGraphics.framework; sourceTree = SDKROOT; };
		86B93C4717D1D6480005D98A /* M80AttributedLabel-Info.plist */ = {isa = PBXFileReference; lastKnownFileType = text.plist.xml; path = "M80AttributedLabel-Info.plist"; sourceTree = "<group>"; };
		86B93C4917D1D6480005D98A /* en */ = {isa = PBXFileReference; lastKnownFileType = text.plist.strings; name = en; path = en.lproj/InfoPlist.strings; sourceTree = "<group>"; };
		86B93C4B17D1D6480005D98A /* main.m */ = {isa = PBXFileReference; lastKnownFileType = sourcecode.c.objc; path = main.m; sourceTree = "<group>"; };
		86B93C4D17D1D6480005D98A /* M80AttributedLabel-Prefix.pch */ = {isa = PBXFileReference; lastKnownFileType = sourcecode.c.h; path = "M80AttributedLabel-Prefix.pch"; sourceTree = "<group>"; };
		86B93C4E17D1D6480005D98A /* AppDelegate.h */ = {isa = PBXFileReference; lastKnownFileType = sourcecode.c.h; path = AppDelegate.h; sourceTree = "<group>"; };
		86B93C4F17D1D6480005D98A /* AppDelegate.m */ = {isa = PBXFileReference; lastKnownFileType = sourcecode.c.objc; path = AppDelegate.m; sourceTree = "<group>"; };
		86B93C5117D1D6480005D98A /* Default.png */ = {isa = PBXFileReference; lastKnownFileType = image.png; path = Default.png; sourceTree = "<group>"; };
		86B93C5317D1D6480005D98A /* Default@2x.png */ = {isa = PBXFileReference; lastKnownFileType = image.png; path = "Default@2x.png"; sourceTree = "<group>"; };
		86B93C5517D1D6480005D98A /* Default-568h@2x.png */ = {isa = PBXFileReference; lastKnownFileType = image.png; path = "Default-568h@2x.png"; sourceTree = "<group>"; };
		86B93C6417D1D9470005D98A /* NSMutableAttributedString+M80.h */ = {isa = PBXFileReference; fileEncoding = 4; lastKnownFileType = sourcecode.c.h; path = "NSMutableAttributedString+M80.h"; sourceTree = "<group>"; };
		86B93C6517D1D9470005D98A /* NSMutableAttributedString+M80.m */ = {isa = PBXFileReference; fileEncoding = 4; lastKnownFileType = sourcecode.c.objc; path = "NSMutableAttributedString+M80.m"; sourceTree = "<group>"; };
		86B93C6A17D1DAB10005D98A /* M80AttributedLabelURL.h */ = {isa = PBXFileReference; fileEncoding = 4; lastKnownFileType = sourcecode.c.h; path = M80AttributedLabelURL.h; sourceTree = "<group>"; };
		86B93C6B17D1DAB20005D98A /* M80AttributedLabelURL.m */ = {isa = PBXFileReference; fileEncoding = 4; lastKnownFileType = sourcecode.c.objc; path = M80AttributedLabelURL.m; sourceTree = "<group>"; };
		86B93C6D17D1DAC50005D98A /* M80AttributedLabelAttachment.h */ = {isa = PBXFileReference; fileEncoding = 4; lastKnownFileType = sourcecode.c.h; path = M80AttributedLabelAttachment.h; sourceTree = "<group>"; };
		86B93C6E17D1DAC50005D98A /* M80AttributedLabelAttachment.m */ = {isa = PBXFileReference; fileEncoding = 4; lastKnownFileType = sourcecode.c.objc; path = M80AttributedLabelAttachment.m; sourceTree = "<group>"; };
		86B9412317D20C580005D98A /* M80AttributedLabelDefines.h */ = {isa = PBXFileReference; lastKnownFileType = sourcecode.c.h; path = M80AttributedLabelDefines.h; sourceTree = "<group>"; };
		86B9A52D17D2E19B00256F4D /* CoreText.framework */ = {isa = PBXFileReference; lastKnownFileType = wrapper.framework; name = CoreText.framework; path = System/Library/Frameworks/CoreText.framework; sourceTree = SDKROOT; };
		86B9A52F17D2ECF700256F4D /* M80AttributedLabel.h */ = {isa = PBXFileReference; fileEncoding = 4; lastKnownFileType = sourcecode.c.h; path = M80AttributedLabel.h; sourceTree = "<group>"; };
		86B9A53017D2ECF700256F4D /* M80AttributedLabel.m */ = {isa = PBXFileReference; fileEncoding = 4; lastKnownFileType = sourcecode.c.objc; path = M80AttributedLabel.m; sourceTree = "<group>"; };
		86B9A54117D32C5D00256F4D /* haha.png */ = {isa = PBXFileReference; lastKnownFileType = image.png; path = haha.png; sourceTree = "<group>"; };
		E47856F119C9333200B34B57 /* AutoLayoutTableViewCell.h */ = {isa = PBXFileReference; fileEncoding = 4; lastKnownFileType = sourcecode.c.h; path = AutoLayoutTableViewCell.h; sourceTree = "<group>"; };
		E47856F219C9333200B34B57 /* AutoLayoutTableViewCell.m */ = {isa = PBXFileReference; fileEncoding = 4; lastKnownFileType = sourcecode.c.objc; path = AutoLayoutTableViewCell.m; sourceTree = "<group>"; };
		E47856F319C9333200B34B57 /* AutoLayoutTableViewCell.xib */ = {isa = PBXFileReference; fileEncoding = 4; lastKnownFileType = file.xib; path = AutoLayoutTableViewCell.xib; sourceTree = "<group>"; };
		E47FBA24192C6FF7004CE6F6 /* LongTextViewController.h */ = {isa = PBXFileReference; fileEncoding = 4; lastKnownFileType = sourcecode.c.h; path = LongTextViewController.h; sourceTree = "<group>"; };
		E47FBA25192C6FF7004CE6F6 /* LongTextViewController.m */ = {isa = PBXFileReference; fileEncoding = 4; lastKnownFileType = sourcecode.c.objc; path = LongTextViewController.m; sourceTree = "<group>"; };
		E47FBA27192C73B1004CE6F6 /* test.txt */ = {isa = PBXFileReference; fileEncoding = 4; lastKnownFileType = text; path = test.txt; sourceTree = "<group>"; };
		E47FBA29192C7653004CE6F6 /* AttachmentViewController.h */ = {isa = PBXFileReference; fileEncoding = 4; lastKnownFileType = sourcecode.c.h; path = AttachmentViewController.h; sourceTree = "<group>"; };
		E47FBA2A192C7653004CE6F6 /* AttachmentViewController.m */ = {isa = PBXFileReference; fileEncoding = 4; lastKnownFileType = sourcecode.c.objc; path = AttachmentViewController.m; sourceTree = "<group>"; };
		E47FBA2C192C779E004CE6F6 /* play@2x.png */ = {isa = PBXFileReference; lastKnownFileType = image.png; path = "play@2x.png"; sourceTree = "<group>"; };
		E47FBA30192C7AE0004CE6F6 /* LineBreakModeViewController.h */ = {isa = PBXFileReference; fileEncoding = 4; lastKnownFileType = sourcecode.c.h; path = LineBreakModeViewController.h; sourceTree = "<group>"; };
		E47FBA31192C7AE0004CE6F6 /* LineBreakModeViewController.m */ = {isa = PBXFileReference; fileEncoding = 4; lastKnownFileType = sourcecode.c.objc; path = LineBreakModeViewController.m; sourceTree = "<group>"; };
		E47FBA3F192CA5EA004CE6F6 /* TextAlignmentViewController.h */ = {isa = PBXFileReference; fileEncoding = 4; lastKnownFileType = sourcecode.c.h; path = TextAlignmentViewController.h; sourceTree = "<group>"; };
		E47FBA40192CA5EA004CE6F6 /* TextAlignmentViewController.m */ = {isa = PBXFileReference; fileEncoding = 4; lastKnownFileType = sourcecode.c.objc; path = TextAlignmentViewController.m; sourceTree = "<group>"; };
		E4841325192C529C00E20149 /* BaseLabelViewController.h */ = {isa = PBXFileReference; fileEncoding = 4; lastKnownFileType = sourcecode.c.h; path = BaseLabelViewController.h; sourceTree = "<group>"; };
		E4841326192C529C00E20149 /* BaseLabelViewController.m */ = {isa = PBXFileReference; fileEncoding = 4; lastKnownFileType = sourcecode.c.objc; path = BaseLabelViewController.m; sourceTree = "<group>"; };
		E4841327192C529C00E20149 /* BasicAttributedLabelViewController.h */ = {isa = PBXFileReference; fileEncoding = 4; lastKnownFileType = sourcecode.c.h; path = BasicAttributedLabelViewController.h; sourceTree = "<group>"; };
		E4841328192C529C00E20149 /* BasicAttributedLabelViewController.m */ = {isa = PBXFileReference; fileEncoding = 4; lastKnownFileType = sourcecode.c.objc; path = BasicAttributedLabelViewController.m; sourceTree = "<group>"; };
		E4841329192C529C00E20149 /* CustomTextViewController.h */ = {isa = PBXFileReference; fileEncoding = 4; lastKnownFileType = sourcecode.c.h; path = CustomTextViewController.h; sourceTree = "<group>"; };
		E484132A192C529C00E20149 /* CustomTextViewController.m */ = {isa = PBXFileReference; fileEncoding = 4; lastKnownFileType = sourcecode.c.objc; path = CustomTextViewController.m; sourceTree = "<group>"; };
		E484132B192C529C00E20149 /* DemoTableViewController.h */ = {isa = PBXFileReference; fileEncoding = 4; lastKnownFileType = sourcecode.c.h; path = DemoTableViewController.h; sourceTree = "<group>"; };
		E484132C192C529C00E20149 /* DemoTableViewController.m */ = {isa = PBXFileReference; fileEncoding = 4; lastKnownFileType = sourcecode.c.objc; path = DemoTableViewController.m; sourceTree = "<group>"; };
		E484132D192C529C00E20149 /* DemoTableViewController.xib */ = {isa = PBXFileReference; fileEncoding = 4; lastKnownFileType = file.xib; path = DemoTableViewController.xib; sourceTree = "<group>"; };
		E484132E192C529C00E20149 /* ImagesViewController.h */ = {isa = PBXFileReference; fileEncoding = 4; lastKnownFileType = sourcecode.c.h; path = ImagesViewController.h; sourceTree = "<group>"; };
		E484132F192C529C00E20149 /* ImagesViewController.m */ = {isa = PBXFileReference; fileEncoding = 4; lastKnownFileType = sourcecode.c.objc; path = ImagesViewController.m; sourceTree = "<group>"; };
		E4841330192C529C00E20149 /* LinksViewController.h */ = {isa = PBXFileReference; fileEncoding = 4; lastKnownFileType = sourcecode.c.h; path = LinksViewController.h; sourceTree = "<group>"; };
		E4841331192C529C00E20149 /* LinksViewController.m */ = {isa = PBXFileReference; fileEncoding = 4; lastKnownFileType = sourcecode.c.objc; path = LinksViewController.m; sourceTree = "<group>"; };
		E4C93439194AC9C600A82403 /* avatar.png */ = {isa = PBXFileReference; lastKnownFileType = image.png; path = avatar.png; sourceTree = "<group>"; };
		E4DA720E196E89A3006F4D1C /* TextTableViewController.h */ = {isa = PBXFileReference; fileEncoding = 4; lastKnownFileType = sourcecode.c.h; path = TextTableViewController.h; sourceTree = "<group>"; };
		E4DA720F196E89A3006F4D1C /* TextTableViewController.m */ = {isa = PBXFileReference; fileEncoding = 4; lastKnownFileType = sourcecode.c.objc; path = TextTableViewController.m; sourceTree = "<group>"; };
/* End PBXFileReference section */

/* Begin PBXFrameworksBuildPhase section */
		86B93C3917D1D6480005D98A /* Frameworks */ = {
			isa = PBXFrameworksBuildPhase;
			buildActionMask = 2147483647;
			files = (
				86B9A52E17D2E19B00256F4D /* CoreText.framework in Frameworks */,
				86B93C4017D1D6480005D98A /* UIKit.framework in Frameworks */,
				86B93C4217D1D6480005D98A /* Foundation.framework in Frameworks */,
				86B93C4417D1D6480005D98A /* CoreGraphics.framework in Frameworks */,
			);
			runOnlyForDeploymentPostprocessing = 0;
		};
/* End PBXFrameworksBuildPhase section */

/* Begin PBXGroup section */
		86B93C3317D1D6480005D98A = {
			isa = PBXGroup;
			children = (
				86B93C4517D1D6480005D98A /* M80AttributedLabel */,
				86B93C3E17D1D6480005D98A /* Frameworks */,
				86B93C3D17D1D6480005D98A /* Products */,
			);
			sourceTree = "<group>";
		};
		86B93C3D17D1D6480005D98A /* Products */ = {
			isa = PBXGroup;
			children = (
				86B93C3C17D1D6480005D98A /* M80AttributedLabel.app */,
			);
			name = Products;
			sourceTree = "<group>";
		};
		86B93C3E17D1D6480005D98A /* Frameworks */ = {
			isa = PBXGroup;
			children = (
				86B9A52D17D2E19B00256F4D /* CoreText.framework */,
				86B93C3F17D1D6480005D98A /* UIKit.framework */,
				86B93C4117D1D6480005D98A /* Foundation.framework */,
				86B93C4317D1D6480005D98A /* CoreGraphics.framework */,
			);
			name = Frameworks;
			sourceTree = "<group>";
		};
		86B93C4517D1D6480005D98A /* M80AttributedLabel */ = {
			isa = PBXGroup;
			children = (
				86B93C6217D1D9390005D98A /* Classes */,
				86B93C4E17D1D6480005D98A /* AppDelegate.h */,
				86B93C4F17D1D6480005D98A /* AppDelegate.m */,
				86B93C4617D1D6480005D98A /* Supporting Files */,
			);
			path = M80AttributedLabel;
			sourceTree = "<group>";
		};
		86B93C4617D1D6480005D98A /* Supporting Files */ = {
			isa = PBXGroup;
			children = (
				86B9A54017D32C5D00256F4D /* Resource */,
				86B93C4717D1D6480005D98A /* M80AttributedLabel-Info.plist */,
				86B93C4817D1D6480005D98A /* InfoPlist.strings */,
				86B93C4B17D1D6480005D98A /* main.m */,
				86B93C4D17D1D6480005D98A /* M80AttributedLabel-Prefix.pch */,
				86B93C5117D1D6480005D98A /* Default.png */,
				86B93C5317D1D6480005D98A /* Default@2x.png */,
				86B93C5517D1D6480005D98A /* Default-568h@2x.png */,
			);
			name = "Supporting Files";
			sourceTree = "<group>";
		};
		86B93C6217D1D9390005D98A /* Classes */ = {
			isa = PBXGroup;
			children = (
				E4841324192C529C00E20149 /* Demo */,
				86B93C6317D1D9390005D98A /* M80AttributedLabel */,
			);
			path = Classes;
			sourceTree = SOURCE_ROOT;
		};
		86B93C6317D1D9390005D98A /* M80AttributedLabel */ = {
			isa = PBXGroup;
			children = (
				86B93C6417D1D9470005D98A /* NSMutableAttributedString+M80.h */,
				86B93C6517D1D9470005D98A /* NSMutableAttributedString+M80.m */,
				86B93C6A17D1DAB10005D98A /* M80AttributedLabelURL.h */,
				86B93C6B17D1DAB20005D98A /* M80AttributedLabelURL.m */,
				86B93C6D17D1DAC50005D98A /* M80AttributedLabelAttachment.h */,
				86B93C6E17D1DAC50005D98A /* M80AttributedLabelAttachment.m */,
				86B9412317D20C580005D98A /* M80AttributedLabelDefines.h */,
				86B9A52F17D2ECF700256F4D /* M80AttributedLabel.h */,
				86B9A53017D2ECF700256F4D /* M80AttributedLabel.m */,
			);
			path = M80AttributedLabel;
			sourceTree = "<group>";
		};
		86B9A54017D32C5D00256F4D /* Resource */ = {
			isa = PBXGroup;
			children = (
				E4C93439194AC9C600A82403 /* avatar.png */,
				E47FBA2C192C779E004CE6F6 /* play@2x.png */,
				E47FBA27192C73B1004CE6F6 /* test.txt */,
				86B9A54117D32C5D00256F4D /* haha.png */,
			);
			path = Resource;
			sourceTree = SOURCE_ROOT;
		};
		E4841324192C529C00E20149 /* Demo */ = {
			isa = PBXGroup;
			children = (
				E484132B192C529C00E20149 /* DemoTableViewController.h */,
				E484132C192C529C00E20149 /* DemoTableViewController.m */,
				E484132D192C529C00E20149 /* DemoTableViewController.xib */,
				E4841325192C529C00E20149 /* BaseLabelViewController.h */,
				E4841326192C529C00E20149 /* BaseLabelViewController.m */,
				E4841327192C529C00E20149 /* BasicAttributedLabelViewController.h */,
				E4841328192C529C00E20149 /* BasicAttributedLabelViewController.m */,
				E4841329192C529C00E20149 /* CustomTextViewController.h */,
				E484132A192C529C00E20149 /* CustomTextViewController.m */,
				E484132E192C529C00E20149 /* ImagesViewController.h */,
				E484132F192C529C00E20149 /* ImagesViewController.m */,
				E4841330192C529C00E20149 /* LinksViewController.h */,
				E4841331192C529C00E20149 /* LinksViewController.m */,
				E47FBA24192C6FF7004CE6F6 /* LongTextViewController.h */,
				E47FBA25192C6FF7004CE6F6 /* LongTextViewController.m */,
				E47FBA29192C7653004CE6F6 /* AttachmentViewController.h */,
				E47FBA2A192C7653004CE6F6 /* AttachmentViewController.m */,
				E47FBA30192C7AE0004CE6F6 /* LineBreakModeViewController.h */,
				E47FBA31192C7AE0004CE6F6 /* LineBreakModeViewController.m */,
				E47FBA3F192CA5EA004CE6F6 /* TextAlignmentViewController.h */,
				E47FBA40192CA5EA004CE6F6 /* TextAlignmentViewController.m */,
				E4DA720E196E89A3006F4D1C /* TextTableViewController.h */,
				E4DA720F196E89A3006F4D1C /* TextTableViewController.m */,
				E47856F119C9333200B34B57 /* AutoLayoutTableViewCell.h */,
				E47856F219C9333200B34B57 /* AutoLayoutTableViewCell.m */,
				E47856F319C9333200B34B57 /* AutoLayoutTableViewCell.xib */,
			);
			path = Demo;
			sourceTree = "<group>";
		};
/* End PBXGroup section */

/* Begin PBXNativeTarget section */
		86B93C3B17D1D6480005D98A /* M80AttributedLabel */ = {
			isa = PBXNativeTarget;
			buildConfigurationList = 86B93C5F17D1D6480005D98A /* Build configuration list for PBXNativeTarget "M80AttributedLabel" */;
			buildPhases = (
				86B93C3817D1D6480005D98A /* Sources */,
				86B93C3917D1D6480005D98A /* Frameworks */,
				86B93C3A17D1D6480005D98A /* Resources */,
			);
			buildRules = (
			);
			dependencies = (
			);
			name = M80AttributedLabel;
			productName = M80AttributedLabel;
			productReference = 86B93C3C17D1D6480005D98A /* M80AttributedLabel.app */;
			productType = "com.apple.product-type.application";
		};
/* End PBXNativeTarget section */

/* Begin PBXProject section */
		86B93C3417D1D6480005D98A /* Project object */ = {
			isa = PBXProject;
			attributes = {
				LastUpgradeCheck = 0460;
				ORGANIZATIONNAME = Netease;
			};
			buildConfigurationList = 86B93C3717D1D6480005D98A /* Build configuration list for PBXProject "M80AttributedLabel" */;
			compatibilityVersion = "Xcode 3.2";
			developmentRegion = English;
			hasScannedForEncodings = 0;
			knownRegions = (
				en,
			);
			mainGroup = 86B93C3317D1D6480005D98A;
			productRefGroup = 86B93C3D17D1D6480005D98A /* Products */;
			projectDirPath = "";
			projectRoot = "";
			targets = (
				86B93C3B17D1D6480005D98A /* M80AttributedLabel */,
			);
		};
/* End PBXProject section */

/* Begin PBXResourcesBuildPhase section */
		86B93C3A17D1D6480005D98A /* Resources */ = {
			isa = PBXResourcesBuildPhase;
			buildActionMask = 2147483647;
			files = (
				E4C9343A194AC9C600A82403 /* avatar.png in Resources */,
				86B93C4A17D1D6480005D98A /* InfoPlist.strings in Resources */,
				E47856F519C9333200B34B57 /* AutoLayoutTableViewCell.xib in Resources */,
				86B93C5217D1D6480005D98A /* Default.png in Resources */,
				86B93C5417D1D6480005D98A /* Default@2x.png in Resources */,
				86B93C5617D1D6480005D98A /* Default-568h@2x.png in Resources */,
				E4841336192C529C00E20149 /* DemoTableViewController.xib in Resources */,
				E47FBA28192C73B1004CE6F6 /* test.txt in Resources */,
				E47FBA2E192C779E004CE6F6 /* play@2x.png in Resources */,
				86B9A54217D32C5D00256F4D /* haha.png in Resources */,
			);
			runOnlyForDeploymentPostprocessing = 0;
		};
/* End PBXResourcesBuildPhase section */

/* Begin PBXSourcesBuildPhase section */
		86B93C3817D1D6480005D98A /* Sources */ = {
			isa = PBXSourcesBuildPhase;
			buildActionMask = 2147483647;
			files = (
				E47FBA32192C7AE0004CE6F6 /* LineBreakModeViewController.m in Sources */,
				E4841333192C529C00E20149 /* BasicAttributedLabelViewController.m in Sources */,
				E4841332192C529C00E20149 /* BaseLabelViewController.m in Sources */,
				E47FBA26192C6FF7004CE6F6 /* LongTextViewController.m in Sources */,
				E4841335192C529C00E20149 /* DemoTableViewController.m in Sources */,
				E4841337192C529C00E20149 /* ImagesViewController.m in Sources */,
				86B93C4C17D1D6480005D98A /* main.m in Sources */,
				86B93C5017D1D6480005D98A /* AppDelegate.m in Sources */,
				86B93C6617D1D9470005D98A /* NSMutableAttributedString+M80.m in Sources */,
				86B93C6C17D1DAB20005D98A /* M80AttributedLabelURL.m in Sources */,
				E4DA7210196E89A3006F4D1C /* TextTableViewController.m in Sources */,
				E4841338192C529C00E20149 /* LinksViewController.m in Sources */,
				E47FBA41192CA5EA004CE6F6 /* TextAlignmentViewController.m in Sources */,
				86B93C6F17D1DAC50005D98A /* M80AttributedLabelAttachment.m in Sources */,
				E47FBA2B192C7653004CE6F6 /* AttachmentViewController.m in Sources */,
				86B9A53117D2ECF700256F4D /* M80AttributedLabel.m in Sources */,
				E47856F419C9333200B34B57 /* AutoLayoutTableViewCell.m in Sources */,
				E4841334192C529C00E20149 /* CustomTextViewController.m in Sources */,
			);
			runOnlyForDeploymentPostprocessing = 0;
		};
/* End PBXSourcesBuildPhase section */

/* Begin PBXVariantGroup section */
		86B93C4817D1D6480005D98A /* InfoPlist.strings */ = {
			isa = PBXVariantGroup;
			children = (
				86B93C4917D1D6480005D98A /* en */,
			);
			name = InfoPlist.strings;
			sourceTree = "<group>";
		};
/* End PBXVariantGroup section */

/* Begin XCBuildConfiguration section */
		86B93C5D17D1D6480005D98A /* Debug */ = {
			isa = XCBuildConfiguration;
			buildSettings = {
				ALWAYS_SEARCH_USER_PATHS = NO;
				CLANG_CXX_LANGUAGE_STANDARD = "gnu++0x";
				CLANG_CXX_LIBRARY = "libc++";
				CLANG_WARN_CONSTANT_CONVERSION = YES;
				CLANG_WARN_EMPTY_BODY = YES;
				CLANG_WARN_ENUM_CONVERSION = YES;
				CLANG_WARN_INT_CONVERSION = YES;
				CLANG_WARN__DUPLICATE_METHOD_MATCH = YES;
				"CODE_SIGN_IDENTITY[sdk=iphoneos*]" = "iPhone Developer";
				COPY_PHASE_STRIP = NO;
				GCC_C_LANGUAGE_STANDARD = gnu99;
				GCC_DYNAMIC_NO_PIC = NO;
				GCC_OPTIMIZATION_LEVEL = 0;
				GCC_PREPROCESSOR_DEFINITIONS = (
					"DEBUG=1",
					"$(inherited)",
				);
				GCC_SYMBOLS_PRIVATE_EXTERN = NO;
				GCC_WARN_ABOUT_RETURN_TYPE = YES;
				GCC_WARN_UNINITIALIZED_AUTOS = YES;
				GCC_WARN_UNUSED_VARIABLE = YES;
				IPHONEOS_DEPLOYMENT_TARGET = 6.0;
				ONLY_ACTIVE_ARCH = YES;
				SDKROOT = iphoneos;
			};
			name = Debug;
		};
		86B93C5E17D1D6480005D98A /* Release */ = {
			isa = XCBuildConfiguration;
			buildSettings = {
				ALWAYS_SEARCH_USER_PATHS = NO;
				CLANG_CXX_LANGUAGE_STANDARD = "gnu++0x";
				CLANG_CXX_LIBRARY = "libc++";
				CLANG_WARN_CONSTANT_CONVERSION = YES;
				CLANG_WARN_EMPTY_BODY = YES;
				CLANG_WARN_ENUM_CONVERSION = YES;
				CLANG_WARN_INT_CONVERSION = YES;
				CLANG_WARN__DUPLICATE_METHOD_MATCH = YES;
				"CODE_SIGN_IDENTITY[sdk=iphoneos*]" = "iPhone Developer";
				COPY_PHASE_STRIP = YES;
				GCC_C_LANGUAGE_STANDARD = gnu99;
				GCC_WARN_ABOUT_RETURN_TYPE = YES;
				GCC_WARN_UNINITIALIZED_AUTOS = YES;
				GCC_WARN_UNUSED_VARIABLE = YES;
				IPHONEOS_DEPLOYMENT_TARGET = 6.0;
				OTHER_CFLAGS = "-DNS_BLOCK_ASSERTIONS=1";
				SDKROOT = iphoneos;
				VALIDATE_PRODUCT = YES;
			};
			name = Release;
		};
		86B93C6017D1D6480005D98A /* Debug */ = {
			isa = XCBuildConfiguration;
			buildSettings = {
				CLANG_ENABLE_OBJC_ARC = YES;
				GCC_PRECOMPILE_PREFIX_HEADER = YES;
				GCC_PREFIX_HEADER = "M80AttributedLabel/M80AttributedLabel-Prefix.pch";
				INFOPLIST_FILE = "M80AttributedLabel/M80AttributedLabel-Info.plist";
				IPHONEOS_DEPLOYMENT_TARGET = 6.0;
				PRODUCT_NAME = "$(TARGET_NAME)";
				WRAPPER_EXTENSION = app;
			};
			name = Debug;
		};
		86B93C6117D1D6480005D98A /* Release */ = {
			isa = XCBuildConfiguration;
			buildSettings = {
				CLANG_ENABLE_OBJC_ARC = YES;
				GCC_PRECOMPILE_PREFIX_HEADER = YES;
				GCC_PREFIX_HEADER = "M80AttributedLabel/M80AttributedLabel-Prefix.pch";
				INFOPLIST_FILE = "M80AttributedLabel/M80AttributedLabel-Info.plist";
				IPHONEOS_DEPLOYMENT_TARGET = 6.0;
				PRODUCT_NAME = "$(TARGET_NAME)";
				WRAPPER_EXTENSION = app;
			};
			name = Release;
		};
/* End XCBuildConfiguration section */

/* Begin XCConfigurationList section */
		86B93C3717D1D6480005D98A /* Build configuration list for PBXProject "M80AttributedLabel" */ = {
			isa = XCConfigurationList;
			buildConfigurations = (
				86B93C5D17D1D6480005D98A /* Debug */,
				86B93C5E17D1D6480005D98A /* Release */,
			);
			defaultConfigurationIsVisible = 0;
			defaultConfigurationName = Release;
		};
		86B93C5F17D1D6480005D98A /* Build configuration list for PBXNativeTarget "M80AttributedLabel" */ = {
			isa = XCConfigurationList;
			buildConfigurations = (
				86B93C6017D1D6480005D98A /* Debug */,
				86B93C6117D1D6480005D98A /* Release */,
			);
			defaultConfigurationIsVisible = 0;
			defaultConfigurationName = Release;
		};
/* End XCConfigurationList section */
	};
	rootObject = 86B93C3417D1D6480005D98A /* Project object */;
}
